{
  "name": "gestion_saas",
  "version": "1.0.0",
  "lockfileVersion": 3,
  "requires": true,
  "packages": {
    "": {
      "name": "gestion_saas",
      "version": "1.0.0",
      "license": "ISC",
      "dependencies": {
        "@powersync/web": "^1.37.1"
      }
    },
    "node_modules/@journeyapps/wa-sqlite": {
      "version": "1.6.0",
      "resolved": "https://registry.npmjs.org/@journeyapps/wa-sqlite/-/wa-sqlite-1.6.0.tgz",
      "integrity": "sha512-ZhHCTQiGGGoJz6LJPTH880BMO0kR0uVepoNTGCUpl65ZQ82r1RUHXGUpGWY3yndsjWKNveOxsqCCAgvI+TTu2w==",
      "hasInstallScript": true,
      "peer": true
    },
    "node_modules/@powersync/common": {
      "version": "1.51.0",
      "resolved": "https://registry.npmjs.org/@powersync/common/-/common-1.51.0.tgz",
      "integrity": "sha512-nee5QQhPK8qLQFeocr/HDFCasdwIXhy16w29VPYOkKCed3ry5wKM9gDSh6L7E12D2rjfLrH1Z/e/uWeTC3oqfQ==",
      "license": "Apache-2.0",
      "dependencies": {
        "event-iterator": "^2.0.0"
      }
    },
    "node_modules/@powersync/web": {
      "version": "1.37.1",
      "resolved": "https://registry.npmjs.org/@powersync/web/-/web-1.37.1.tgz",
      "integrity": "sha512-tw2GfifpgfAeHNH+cFKEG5dQN0mhsoqnRv258ld45mcMkVZU5aTFGhglV4mn05ffe5zinFBP02g4dBM8T9ofYw==",
      "license": "Apache-2.0",
      "dependencies": {
        "@powersync/common": "1.51.0",
        "bson": "^6.10.4",
        "comlink": "^4.4.2",
        "commander": "^12.1.0"
      },
      "bin": {
        "powersync-web": "bin/powersync.cjs"
      },
      "peerDependencies": {
        "@journeyapps/wa-sqlite": "^1.5.0",
        "@powersync/common": "^1.51.0"
      }
    },
    "node_modules/bson": {
      "version": "6.10.4",
      "resolved": "https://registry.npmjs.org/bson/-/bson-6.10.4.tgz",
      "integrity": "sha512-WIsKqkSC0ABoBJuT1LEX+2HEvNmNKKgnTAyd0fL8qzK4SH2i9NXg+t08YtdZp/V9IZ33cxe3iV4yM0qg8lMQng==",
      "license": "Apache-2.0",
      "engines": {
        "node": ">=16.20.1"
      }
    },
    "node_modules/comlink": {
      "version": "4.4.2",
      "resolved": "https://registry.npmjs.org/comlink/-/comlink-4.4.2.tgz",
      "integrity": "sha512-OxGdvBmJuNKSCMO4NTl1L47VRp6xn2wG4F/2hYzB6tiCb709otOxtEYCSvK80PtjODfXXZu8ds+Nw5kVCjqd2g==",
      "license": "Apache-2.0"
    },
    "node_modules/commander": {
      "version": "12.1.0",
      "resolved": "https://registry.npmjs.org/commander/-/commander-12.1.0.tgz",
      "integrity": "sha512-Vw8qHK3bZM9y/P10u3Vib8o/DdkvA2OtPtZvD871QKjy74Wj1WSKFILMPRPSdUSx5RFK1arlJzEtA4PkFgnbuA==",
      "license": "MIT",
      "engines": {
        "node": ">=18"
      }
    },
    "node_modules/event-iterator": {
      "version": "2.0.0",
      "resolved": "https://registry.npmjs.org/event-iterator/-/event-iterator-2.0.0.tgz",
      "integrity": "sha512-KGft0ldl31BZVV//jj+IAIGCxkvvUkkON+ScH6zfoX+l+omX6001ggyRSpI0Io2Hlro0ThXotswCtfzS8UkIiQ==",
      "license": "MIT"
    }
  }
}
